
Microsoft Visual Studio Solution File, Format Version 12.00
# Visual Studio Version 17
VisualStudioVersion = 17.7.34031.279
MinimumVisualStudioVersion = 10.0.40219.1
Project("{FAE04EC0-301F-11D3-BF4B-00C04F79EFBC}") = "pract5", "pract5\pract5.csproj", "{A74C7990-8110-40B8-8BFD-7AEEAB6A115B}"
EndProject
Global
	GlobalSection(SolutionConfigurationPlatforms) = preSolution
		Debug|Any CPU = Debug|Any CPU
		Release|Any CPU = Release|Any CPU
	EndGlobalSection
	GlobalSection(ProjectConfigurationPlatforms) = postSolution
		{A74C7990-8110-40B8-8BFD-7AEEAB6A115B}.Debug|Any CPU.ActiveCfg = Debug|Any CPU
		{A74C7990-8110-40B8-8BFD-7AEEAB6A115B}.Debug|Any CPU.Build.0 = Debug|Any CPU
		{A74C7990-8110-40B8-8BFD-7AEEAB6A115B}.Release|Any CPU.ActiveCfg = Release|Any CPU
		{A74C7990-8110-40B8-8BFD-7AEEAB6A115B}.Release|Any CPU.Build.0 = Release|Any CPU
	EndGlobalSection
	GlobalSection(SolutionProperties) = preSolution
		HideSolutionNode = FALSE
	EndGlobalSection
	GlobalSection(ExtensibilityGlobals) = postSolution
		SolutionGuid = {F21C3116-1E6A-408B-A9BF-48941F20A839}
	EndGlobalSection
EndGlobal
